
Microsoft Visual Studio Solution File, Format Version 12.00
# Visual Studio Version 16
VisualStudioVersion = 16.0.29411.108
MinimumVisualStudioVersion = 10.0.40219.1
Project("{FAE04EC0-301F-11D3-BF4B-00C04F79EFBC}") = "POCFestivoix.Android", "POCFestivoix\POCFestivoix.Android\POCFestivoix.Android.csproj", "{4D24FD94-5FE9-475B-94BC-5B007E459DC4}"
EndProject
Project("{FAE04EC0-301F-11D3-BF4B-00C04F79EFBC}") = "POCFestivoix.iOS", "POCFestivoix\POCFestivoix.iOS\POCFestivoix.iOS.csproj", "{4146450B-D722-485A-A3BB-4A3B6827A976}"
EndProject
Project("{FAE04EC0-301F-11D3-BF4B-00C04F79EFBC}") = "POCFestivoix", "POCFestivoix\POCFestivoix\POCFestivoix.csproj", "{DBB42469-94F9-4D98-9921-094C4547C86B}"
EndProject
Global
	GlobalSection(SolutionConfigurationPlatforms) = preSolution
		Debug|Any CPU = Debug|Any CPU
		Debug|iPhone = Debug|iPhone
		Debug|iPhoneSimulator = Debug|iPhoneSimulator
		Release|Any CPU = Release|Any CPU
		Release|iPhone = Release|iPhone
		Release|iPhoneSimulator = Release|iPhoneSimulator
	EndGlobalSection
	GlobalSection(ProjectConfigurationPlatforms) = postSolution
		{4D24FD94-5FE9-475B-94BC-5B007E459DC4}.Debug|Any CPU.ActiveCfg = Debug|Any CPU
		{4D24FD94-5FE9-475B-94BC-5B007E459DC4}.Debug|Any CPU.Build.0 = Debug|Any CPU
		{4D24FD94-5FE9-475B-94BC-5B007E459DC4}.Debug|Any CPU.Deploy.0 = Debug|Any CPU
		{4D24FD94-5FE9-475B-94BC-5B007E459DC4}.Debug|iPhone.ActiveCfg = Debug|Any CPU
		{4D24FD94-5FE9-475B-94BC-5B007E459DC4}.Debug|iPhone.Build.0 = Debug|Any CPU
		{4D24FD94-5FE9-475B-94BC-5B007E459DC4}.Debug|iPhone.Deploy.0 = Debug|Any CPU
		{4D24FD94-5FE9-475B-94BC-5B007E459DC4}.Debug|iPhoneSimulator.ActiveCfg = Debug|Any CPU
		{4D24FD94-5FE9-475B-94BC-5B007E459DC4}.Debug|iPhoneSimulator.Build.0 = Debug|Any CPU
		{4D24FD94-5FE9-475B-94BC-5B007E459DC4}.Debug|iPhoneSimulator.Deploy.0 = Debug|Any CPU
		{4D24FD94-5FE9-475B-94BC-5B007E459DC4}.Release|Any CPU.ActiveCfg = Release|Any CPU
		{4D24FD94-5FE9-475B-94BC-5B007E459DC4}.Release|Any CPU.Build.0 = Release|Any CPU
		{4D24FD94-5FE9-475B-94BC-5B007E459DC4}.Release|Any CPU.Deploy.0 = Release|Any CPU
		{4D24FD94-5FE9-475B-94BC-5B007E459DC4}.Release|iPhone.ActiveCfg = Release|Any CPU
		{4D24FD94-5FE9-475B-94BC-5B007E459DC4}.Release|iPhone.Build.0 = Release|Any CPU
		{4D24FD94-5FE9-475B-94BC-5B007E459DC4}.Release|iPhone.Deploy.0 = Release|Any CPU
		{4D24FD94-5FE9-475B-94BC-5B007E459DC4}.Release|iPhoneSimulator.ActiveCfg = Release|Any CPU
		{4D24FD94-5FE9-475B-94BC-5B007E459DC4}.Release|iPhoneSimulator.Build.0 = Release|Any CPU
		{4D24FD94-5FE9-475B-94BC-5B007E459DC4}.Release|iPhoneSimulator.Deploy.0 = Release|Any CPU
		{4146450B-D722-485A-A3BB-4A3B6827A976}.Debug|Any CPU.ActiveCfg = Debug|iPhoneSimulator
		{4146450B-D722-485A-A3BB-4A3B6827A976}.Debug|Any CPU.Build.0 = Debug|iPhoneSimulator
		{4146450B-D722-485A-A3BB-4A3B6827A976}.Debug|Any CPU.Deploy.0 = Debug|iPhoneSimulator
		{4146450B-D722-485A-A3BB-4A3B6827A976}.Debug|iPhone.ActiveCfg = Debug|iPhone
		{4146450B-D722-485A-A3BB-4A3B6827A976}.Debug|iPhone.Build.0 = Debug|iPhone
		{4146450B-D722-485A-A3BB-4A3B6827A976}.Debug|iPhone.Deploy.0 = Debug|iPhone
		{4146450B-D722-485A-A3BB-4A3B6827A976}.Debug|iPhoneSimulator.ActiveCfg = Debug|iPhoneSimulator
		{4146450B-D722-485A-A3BB-4A3B6827A976}.Debug|iPhoneSimulator.Build.0 = Debug|iPhoneSimulator
		{4146450B-D722-485A-A3BB-4A3B6827A976}.Debug|iPhoneSimulator.Deploy.0 = Debug|iPhoneSimulator
		{4146450B-D722-485A-A3BB-4A3B6827A976}.Release|Any CPU.ActiveCfg = Release|iPhone
		{4146450B-D722-485A-A3BB-4A3B6827A976}.Release|Any CPU.Build.0 = Release|iPhone
		{4146450B-D722-485A-A3BB-4A3B6827A976}.Release|Any CPU.Deploy.0 = Release|iPhone
		{4146450B-D722-485A-A3BB-4A3B6827A976}.Release|iPhone.ActiveCfg = Release|iPhone
		{4146450B-D722-485A-A3BB-4A3B6827A976}.Release|iPhone.Build.0 = Release|iPhone
		{4146450B-D722-485A-A3BB-4A3B6827A976}.Release|iPhone.Deploy.0 = Release|iPhone
		{4146450B-D722-485A-A3BB-4A3B6827A976}.Release|iPhoneSimulator.ActiveCfg = Release|iPhoneSimulator
		{4146450B-D722-485A-A3BB-4A3B6827A976}.Release|iPhoneSimulator.Build.0 = Release|iPhoneSimulator
		{4146450B-D722-485A-A3BB-4A3B6827A976}.Release|iPhoneSimulator.Deploy.0 = Release|iPhoneSimulator
		{DBB42469-94F9-4D98-9921-094C4547C86B}.Debug|Any CPU.ActiveCfg = Debug|Any CPU
		{DBB42469-94F9-4D98-9921-094C4547C86B}.Debug|Any CPU.Build.0 = Debug|Any CPU
		{DBB42469-94F9-4D98-9921-094C4547C86B}.Debug|Any CPU.Deploy.0 = Debug|Any CPU
		{DBB42469-94F9-4D98-9921-094C4547C86B}.Debug|iPhone.ActiveCfg = Debug|Any CPU
		{DBB42469-94F9-4D98-9921-094C4547C86B}.Debug|iPhone.Build.0 = Debug|Any CPU
		{DBB42469-94F9-4D98-9921-094C4547C86B}.Debug|iPhone.Deploy.0 = Debug|Any CPU
		{DBB42469-94F9-4D98-9921-094C4547C86B}.Debug|iPhoneSimulator.ActiveCfg = Debug|Any CPU
		{DBB42469-94F9-4D98-9921-094C4547C86B}.Debug|iPhoneSimulator.Build.0 = Debug|Any CPU
		{DBB42469-94F9-4D98-9921-094C4547C86B}.Debug|iPhoneSimulator.Deploy.0 = Debug|Any CPU
		{DBB42469-94F9-4D98-9921-094C4547C86B}.Release|Any CPU.ActiveCfg = Release|Any CPU
		{DBB42469-94F9-4D98-9921-094C4547C86B}.Release|Any CPU.Build.0 = Release|Any CPU
		{DBB42469-94F9-4D98-9921-094C4547C86B}.Release|Any CPU.Deploy.0 = Release|Any CPU
		{DBB42469-94F9-4D98-9921-094C4547C86B}.Release|iPhone.ActiveCfg = Release|Any CPU
		{DBB42469-94F9-4D98-9921-094C4547C86B}.Release|iPhone.Build.0 = Release|Any CPU
		{DBB42469-94F9-4D98-9921-094C4547C86B}.Release|iPhone.Deploy.0 = Release|Any CPU
		{DBB42469-94F9-4D98-9921-094C4547C86B}.Release|iPhoneSimulator.ActiveCfg = Release|Any CPU
		{DBB42469-94F9-4D98-9921-094C4547C86B}.Release|iPhoneSimulator.Build.0 = Release|Any CPU
		{DBB42469-94F9-4D98-9921-094C4547C86B}.Release|iPhoneSimulator.Deploy.0 = Release|Any CPU
	EndGlobalSection
	GlobalSection(SolutionProperties) = preSolution
		HideSolutionNode = FALSE
	EndGlobalSection
	GlobalSection(ExtensibilityGlobals) = postSolution
		SolutionGuid = {D1A77815-D99E-4259-AC35-4FB4F3C635BA}
	EndGlobalSection
EndGlobal
